// !$*UTF8*$!
{
	archiveVersion = 1;
	classes = {
	};
	objectVersion = 50;
	objects = {

/* Begin PBXBuildFile section */
		15F900B520DA310F00C30E2B /* AppDelegate.m in Sources */ = {isa = PBXBuildFile; fileRef = 15F900B420DA310F00C30E2B /* AppDelegate.m */; };
		15F900B820DA310F00C30E2B /* ViewController.m in Sources */ = {isa = PBXBuildFile; fileRef = 15F900B720DA310F00C30E2B /* ViewController.m */; };
		15F900BB20DA310F00C30E2B /* Main.storyboard in Resources */ = {isa = PBXBuildFile; fileRef = 15F900B920DA310F00C30E2B /* Main.storyboard */; };
		15F900BD20DA311200C30E2B /* Assets.xcassets in Resources */ = {isa = PBXBuildFile; fileRef = 15F900BC20DA311200C30E2B /* Assets.xcassets */; };
		15F900C020DA311200C30E2B /* LaunchScreen.storyboard in Resources */ = {isa = PBXBuildFile; fileRef = 15F900BE20DA311200C30E2B /* LaunchScreen.storyboard */; };
		15F900C320DA311200C30E2B /* main.m in Sources */ = {isa = PBXBuildFile; fileRef = 15F900C220DA311200C30E2B /* main.m */; };
		92EEC11C9A1E69229CE44F1C /* libPods-CRSampleA.a in Frameworks */ = {isa = PBXBuildFile; fileRef = D5188D90D558DB5BF7624B4D /* libPods-CRSampleA.a */; };
/* End PBXBuildFile section */

/* Begin PBXFileReference section */
		15B7DC78BF5D1796AD2A9AE5 /* Pods-CRSampleA.release.xcconfig */ = {isa = PBXFileReference; includeInIndex = 1; lastKnownFileType = text.xcconfig; name = "Pods-CRSampleA.release.xcconfig"; path = "Pods/Target Support Files/Pods-CRSampleA/Pods-CRSampleA.release.xcconfig"; sourceTree = "<group>"; };
		15F900B020DA310F00C30E2B /* CRSampleA.app */ = {isa = PBXFileReference; explicitFileType = wrapper.application; includeInIndex = 0; path = CRSampleA.app; sourceTree = BUILT_PRODUCTS_DIR; };
		15F900B320DA310F00C30E2B /* AppDelegate.h */ = {isa = PBXFileReference; lastKnownFileType = sourcecode.c.h; path = AppDelegate.h; sourceTree = "<group>"; };
		15F900B420DA310F00C30E2B /* AppDelegate.m */ = {isa = PBXFileReference; lastKnownFileType = sourcecode.c.objc; path = AppDelegate.m; sourceTree = "<group>"; };
		15F900B620DA310F00C30E2B /* ViewController.h */ = {isa = PBXFileReference; lastKnownFileType = sourcecode.c.h; path = ViewController.h; sourceTree = "<group>"; };
		15F900B720DA310F00C30E2B /* ViewController.m */ = {isa = PBXFileReference; lastKnownFileType = sourcecode.c.objc; path = ViewController.m; sourceTree = "<group>"; };
		15F900BA20DA310F00C30E2B /* Base */ = {isa = PBXFileReference; lastKnownFileType = file.storyboard; name = Base; path = Base.lproj/Main.storyboard; sourceTree = "<group>"; };
		15F900BC20DA311200C30E2B /* Assets.xcassets */ = {isa = PBXFileReference; lastKnownFileType = folder.assetcatalog; path = Assets.xcassets; sourceTree = "<group>"; };
		15F900BF20DA311200C30E2B /* Base */ = {isa = PBXFileReference; lastKnownFileType = file.storyboard; name = Base; path = Base.lproj/LaunchScreen.storyboard; sourceTree = "<group>"; };
		15F900C120DA311200C30E2B /* Info.plist */ = {isa = PBXFileReference; lastKnownFileType = text.plist.xml; path = Info.plist; sourceTree = "<group>"; };
		15F900C220DA311200C30E2B /* main.m */ = {isa = PBXFileReference; lastKnownFileType = sourcecode.c.objc; path = main.m; sourceTree = "<group>"; };
		D5188D90D558DB5BF7624B4D /* libPods-CRSampleA.a */ = {isa = PBXFileReference; explicitFileType = archive.ar; includeInIndex = 0; path = "libPods-CRSampleA.a"; sourceTree = BUILT_PRODUCTS_DIR; };
		E7AB6916F51085ED53EA19AA /* Pods-CRSampleA.debug.xcconfig */ = {isa = PBXFileReference; includeInIndex = 1; lastKnownFileType = text.xcconfig; name = "Pods-CRSampleA.debug.xcconfig"; path = "Pods/Target Support Files/Pods-CRSampleA/Pods-CRSampleA.debug.xcconfig"; sourceTree = "<group>"; };
/* End PBXFileReference section */

/* Begin PBXFrameworksBuildPhase section */
		15F900AD20DA310F00C30E2B /* Frameworks */ = {
			isa = PBXFrameworksBuildPhase;
			buildActionMask = 2147483647;
			files = (
				92EEC11C9A1E69229CE44F1C /* libPods-CRSampleA.a in Frameworks */,
			);
			runOnlyForDeploymentPostprocessing = 0;
		};
/* End PBXFrameworksBuildPhase section */

/* Begin PBXGroup section */
		15F900A720DA310F00C30E2B = {
			isa = PBXGroup;
			children = (
				15F900B220DA310F00C30E2B /* CRSampleA */,
				15F900B120DA310F00C30E2B /* Products */,
				6709AD06ADCAF8AF0E0439FE /* Pods */,
				958F526A0A053152AAF246A2 /* Frameworks */,
			);
			sourceTree = "<group>";
		};
		15F900B120DA310F00C30E2B /* Products */ = {
			isa = PBXGroup;
			children = (
				15F900B020DA310F00C30E2B /* CRSampleA.app */,
			);
			name = Products;
			sourceTree = "<group>";
		};
		15F900B220DA310F00C30E2B /* CRSampleA */ = {
			isa = PBXGroup;
			children = (
				15F900B320DA310F00C30E2B /* AppDelegate.h */,
				15F900B420DA310F00C30E2B /* AppDelegate.m */,
				15F900B620DA310F00C30E2B /* ViewController.h */,
				15F900B720DA310F00C30E2B /* ViewController.m */,
				15F900B920DA310F00C30E2B /* Main.storyboard */,
				15F900BC20DA311200C30E2B /* Assets.xcassets */,
				15F900BE20DA311200C30E2B /* LaunchScreen.storyboard */,
				15F900C120DA311200C30E2B /* Info.plist */,
				15F900C220DA311200C30E2B /* main.m */,
			);
			path = CRSampleA;
			sourceTree = "<group>";
		};
		6709AD06ADCAF8AF0E0439FE /* Pods */ = {
			isa = PBXGroup;
			children = (
				E7AB6916F51085ED53EA19AA /* Pods-CRSampleA.debug.xcconfig */,
				15B7DC78BF5D1796AD2A9AE5 /* Pods-CRSampleA.release.xcconfig */,
			);
			name = Pods;
			sourceTree = "<group>";
		};
		958F526A0A053152AAF246A2 /* Frameworks */ = {
			isa = PBXGroup;
			children = (
				D5188D90D558DB5BF7624B4D /* libPods-CRSampleA.a */,
			);
			name = Frameworks;
			sourceTree = "<group>";
		};
/* End PBXGroup section */

/* Begin PBXNativeTarget section */
		15F900AF20DA310F00C30E2B /* CRSampleA */ = {
			isa = PBXNativeTarget;
			buildConfigurationList = 15F900C620DA311200C30E2B /* Build configuration list for PBXNativeTarget "CRSampleA" */;
			buildPhases = (
				70664F8C9DBB051FC867324F /* [CP] Check Pods Manifest.lock */,
				15F900AC20DA310F00C30E2B /* Sources */,
				15F900AD20DA310F00C30E2B /* Frameworks */,
				15F900AE20DA310F00C30E2B /* Resources */,
			);
			buildRules = (
			);
			dependencies = (
			);
			name = CRSampleA;
			productName = CRSampleA;
			productReference = 15F900B020DA310F00C30E2B /* CRSampleA.app */;
			productType = "com.apple.product-type.application";
		};
/* End PBXNativeTarget section */

/* Begin PBXProject section */
		15F900A820DA310F00C30E2B /* Project object */ = {
			isa = PBXProject;
			attributes = {
				LastUpgradeCheck = 0940;
				ORGANIZATIONNAME = CR;
				TargetAttributes = {
					15F900AF20DA310F00C30E2B = {
						CreatedOnToolsVersion = 9.4.1;
					};
				};
			};
			buildConfigurationList = 15F900AB20DA310F00C30E2B /* Build configuration list for PBXProject "CRSampleA" */;
			compatibilityVersion = "Xcode 9.3";
			developmentRegion = en;
			hasScannedForEncodings = 0;
			knownRegions = (
				en,
				Base,
			);
			mainGroup = 15F900A720DA310F00C30E2B;
			productRefGroup = 15F900B120DA310F00C30E2B /* Products */;
			projectDirPath = "";
			projectRoot = "";
			targets = (
				15F900AF20DA310F00C30E2B /* CRSampleA */,
			);
		};
/* End PBXProject section */

/* Begin PBXResourcesBuildPhase section */
		15F900AE20DA310F00C30E2B /* Resources */ = {
			isa = PBXResourcesBuildPhase;
			buildActionMask = 2147483647;
			files = (
				15F900C020DA311200C30E2B /* LaunchScreen.storyboard in Resources */,
				15F900BD20DA311200C30E2B /* Assets.xcassets in Resources */,
				15F900BB20DA310F00C30E2B /* Main.storyboard in Resources */,
			);
			runOnlyForDeploymentPostprocessing = 0;
		};
/* End PBXResourcesBuildPhase section */

/* Begin PBXShellScriptBuildPhase section */
		70664F8C9DBB051FC867324F /* [CP] Check Pods Manifest.lock */ = {
			isa = PBXShellScriptBuildPhase;
			buildActionMask = 2147483647;
			files = (
			);
			inputPaths = (
				"${PODS_PODFILE_DIR_PATH}/Podfile.lock",
				"${PODS_ROOT}/Manifest.lock",
			);
			name = "[CP] Check Pods Manifest.lock";
			outputPaths = (
				"$(DERIVED_FILE_DIR)/Pods-CRSampleA-checkManifestLockResult.txt",
			);
			runOnlyForDeploymentPostprocessing = 0;
			shellPath = /bin/sh;
			shellScript = "diff \"${PODS_PODFILE_DIR_PATH}/Podfile.lock\" \"${PODS_ROOT}/Manifest.lock\" > /dev/null\nif [ $? != 0 ] ; then\n    # print error to STDERR\n    echo \"error: The sandbox is not in sync with the Podfile.lock. Run 'pod install' or update your CocoaPods installation.\" >&2\n    exit 1\nfi\n# This output is used by Xcode 'outputs' to avoid re-running this script phase.\necho \"SUCCESS\" > \"${SCRIPT_OUTPUT_FILE_0}\"\n";
			showEnvVarsInLog = 0;
		};
/* End PBXShellScriptBuildPhase section */

/* Begin PBXSourcesBuildPhase section */
		15F900AC20DA310F00C30E2B /* Sources */ = {
			isa = PBXSourcesBuildPhase;
			buildActionMask = 2147483647;
			files = (
				15F900B820DA310F00C30E2B /* ViewController.m in Sources */,
				15F900C320DA311200C30E2B /* main.m in Sources */,
				15F900B520DA310F00C30E2B /* AppDelegate.m in Sources */,
			);
			runOnlyForDeploymentPostprocessing = 0;
		};
/* End PBXSourcesBuildPhase section */

/* Begin PBXVariantGroup section */
		15F900B920DA310F00C30E2B /* Main.storyboard */ = {
			isa = PBXVariantGroup;
			children = (
				15F900BA20DA310F00C30E2B /* Base */,
			);
			name = Main.storyboard;
			sourceTree = "<group>";
		};
		15F900BE20DA311200C30E2B /* LaunchScreen.storyboard */ = {
			isa = PBXVariantGroup;
			children = (
				15F900BF20DA311200C30E2B /* Base */,
			);
			name = LaunchScreen.storyboard;
			sourceTree = "<group>";
		};
/* End PBXVariantGroup section */

/* Begin XCBuildConfiguration section */
		15F900C420DA311200C30E2B /* Debug */ = {
			isa = XCBuildConfiguration;
			buildSettings = {
				ALWAYS_SEARCH_USER_PATHS = NO;
				CLANG_ANALYZER_NONNULL = YES;
				CLANG_ANALYZER_NUMBER_OBJECT_CONVERSION = YES_AGGRESSIVE;
				CLANG_CXX_LANGUAGE_STANDARD = "gnu++14";
				CLANG_CXX_LIBRARY = "libc++";
				CLANG_ENABLE_MODULES = YES;
				CLANG_ENABLE_OBJC_ARC = YES;
				CLANG_ENABLE_OBJC_WEAK = YES;
				CLANG_WARN_BLOCK_CAPTURE_AUTORELEASING = YES;
				CLANG_WARN_BOOL_CONVERSION = YES;
				CLANG_WARN_COMMA = YES;
				CLANG_WARN_CONSTANT_CONVERSION = YES;
				CLANG_WARN_DEPRECATED_OBJC_IMPLEMENTATIONS = YES;
				CLANG_WARN_DIRECT_OBJC_ISA_USAGE = YES_ERROR;
				CLANG_WARN_DOCUMENTATION_COMMENTS = YES;
				CLANG_WARN_EMPTY_BODY = YES;
				CLANG_WARN_ENUM_CONVERSION = YES;
				CLANG_WARN_INFINITE_RECURSION = YES;
				CLANG_WARN_INT_CONVERSION = YES;
				CLANG_WARN_NON_LITERAL_NULL_CONVERSION = YES;
				CLANG_WARN_OBJC_IMPLICIT_RETAIN_SELF = YES;
				CLANG_WARN_OBJC_LITERAL_CONVERSION = YES;
				CLANG_WARN_OBJC_ROOT_CLASS = YES_ERROR;
				CLANG_WARN_RANGE_LOOP_ANALYSIS = YES;
				CLANG_WARN_STRICT_PROTOTYPES = YES;
				CLANG_WARN_SUSPICIOUS_MOVE = YES;
				CLANG_WARN_UNGUARDED_AVAILABILITY = YES_AGGRESSIVE;
				CLANG_WARN_UNREACHABLE_CODE = YES;
				CLANG_WARN__DUPLICATE_METHOD_MATCH = YES;
				CODE_SIGN_IDENTITY = "iPhone Developer";
				COPY_PHASE_STRIP = NO;
				DEBUG_INFORMATION_FORMAT = dwarf;
				ENABLE_STRICT_OBJC_MSGSEND = YES;
				ENABLE_TESTABILITY = YES;
				GCC_C_LANGUAGE_STANDARD = gnu11;
				GCC_DYNAMIC_NO_PIC = NO;
				GCC_NO_COMMON_BLOCKS = YES;
				GCC_OPTIMIZATION_LEVEL = 0;
				GCC_PREPROCESSOR_DEFINITIONS = (
					"DEBUG=1",
					"$(inherited)",
				);
				GCC_WARN_64_TO_32_BIT_CONVERSION = YES;
				GCC_WARN_ABOUT_RETURN_TYPE = YES_ERROR;
				GCC_WARN_UNDECLARED_SELECTOR = YES;
				GCC_WARN_UNINITIALIZED_AUTOS = YES_AGGRESSIVE;
				GCC_WARN_UNUSED_FUNCTION = YES;
				GCC_WARN_UNUSED_VARIABLE = YES;
				IPHONEOS_DEPLOYMENT_TARGET = 11.4;
				MTL_ENABLE_DEBUG_INFO = YES;
				ONLY_ACTIVE_ARCH = YES;
				SDKROOT = iphoneos;
			};
			name = Debug;
		};
		15F900C520DA311200C30E2B /* Release */ = {
			isa = XCBuildConfiguration;
			buildSettings = {
				ALWAYS_SEARCH_USER_PATHS = NO;
				CLANG_ANALYZER_NONNULL = YES;
				CLANG_ANALYZER_NUMBER_OBJECT_CONVERSION = YES_AGGRESSIVE;
				CLANG_CXX_LANGUAGE_STANDARD = "gnu++14";
				CLANG_CXX_LIBRARY = "libc++";
				CLANG_ENABLE_MODULES = YES;
				CLANG_ENABLE_OBJC_ARC = YES;
				CLANG_ENABLE_OBJC_WEAK = YES;
				CLANG_WARN_BLOCK_CAPTURE_AUTORELEASING = YES;
				CLANG_WARN_BOOL_CONVERSION = YES;
				CLANG_WARN_COMMA = YES;
				CLANG_WARN_CONSTANT_CONVERSION = YES;
				CLANG_WARN_DEPRECATED_OBJC_IMPLEMENTATIONS = YES;
				CLANG_WARN_DIRECT_OBJC_ISA_USAGE = YES_ERROR;
				CLANG_WARN_DOCUMENTATION_COMMENTS = YES;
				CLANG_WARN_EMPTY_BODY = YES;
				CLANG_WARN_ENUM_CONVERSION = YES;
				CLANG_WARN_INFINITE_RECURSION = YES;
				CLANG_WARN_INT_CONVERSION = YES;
				CLANG_WARN_NON_LITERAL_NULL_CONVERSION = YES;
				CLANG_WARN_OBJC_IMPLICIT_RETAIN_SELF = YES;
				CLANG_WARN_OBJC_LITERAL_CONVERSION = YES;
				CLANG_WARN_OBJC_ROOT_CLASS = YES_ERROR;
				CLANG_WARN_RANGE_LOOP_ANALYSIS = YES;
				CLANG_WARN_STRICT_PROTOTYPES = YES;
				CLANG_WARN_SUSPICIOUS_MOVE = YES;
				CLANG_WARN_UNGUARDED_AVAILABILITY = YES_AGGRESSIVE;
				CLANG_WARN_UNREACHABLE_CODE = YES;
				CLANG_WARN__DUPLICATE_METHOD_MATCH = YES;
				CODE_SIGN_IDENTITY = "iPhone Developer";
				COPY_PHASE_STRIP = NO;
				DEBUG_INFORMATION_FORMAT = "dwarf-with-dsym";
				ENABLE_NS_ASSERTIONS = NO;
				ENABLE_STRICT_OBJC_MSGSEND = YES;
				GCC_C_LANGUAGE_STANDARD = gnu11;
				GCC_NO_COMMON_BLOCKS = YES;
				GCC_WARN_64_TO_32_BIT_CONVERSION = YES;
				GCC_WARN_ABOUT_RETURN_TYPE = YES_ERROR;
				GCC_WARN_UNDECLARED_SELECTOR = YES;
				GCC_WARN_UNINITIALIZED_AUTOS = YES_AGGRESSIVE;
				GCC_WARN_UNUSED_FUNCTION = YES;
				GCC_WARN_UNUSED_VARIABLE = YES;
				IPHONEOS_DEPLOYMENT_TARGET = 11.4;
				MTL_ENABLE_DEBUG_INFO = NO;
				SDKROOT = iphoneos;
				VALIDATE_PRODUCT = YES;
			};
			name = Release;
		};
		15F900C720DA311200C30E2B /* Debug */ = {
			isa = XCBuildConfiguration;
			baseConfigurationReference = E7AB6916F51085ED53EA19AA /* Pods-CRSampleA.debug.xcconfig */;
			buildSettings = {
				ASSETCATALOG_COMPILER_APPICON_NAME = AppIcon;
				CODE_SIGN_STYLE = Automatic;
				INFOPLIST_FILE = CRSampleA/Info.plist;
				LD_RUNPATH_SEARCH_PATHS = (
					"$(inherited)",
					"@executable_path/Frameworks",
				);
				PRODUCT_BUNDLE_IDENTIFIER = com.cr.CRSampleA;
				PRODUCT_NAME = "$(TARGET_NAME)";
				TARGETED_DEVICE_FAMILY = "1,2";
			};
			name = Debug;
		};
		15F900C820DA311200C30E2B /* Release */ = {
			isa = XCBuildConfiguration;
			baseConfigurationReference = 15B7DC78BF5D1796AD2A9AE5 /* Pods-CRSampleA.release.xcconfig */;
			buildSettings = {
				ASSETCATALOG_COMPILER_APPICON_NAME = AppIcon;
				CODE_SIGN_STYLE = Automatic;
				INFOPLIST_FILE = CRSampleA/Info.plist;
				LD_RUNPATH_SEARCH_PATHS = (
					"$(inherited)",
					"@executable_path/Frameworks",
				);
				PRODUCT_BUNDLE_IDENTIFIER = com.cr.CRSampleA;
				PRODUCT_NAME = "$(TARGET_NAME)";
				TARGETED_DEVICE_FAMILY = "1,2";
			};
			name = Release;
		};
/* End XCBuildConfiguration section */

/* Begin XCConfigurationList section */
		15F900AB20DA310F00C30E2B /* Build configuration list for PBXProject "CRSampleA" */ = {
			isa = XCConfigurationList;
			buildConfigurations = (
				15F900C420DA311200C30E2B /* Debug */,
				15F900C520DA311200C30E2B /* Release */,
			);
			defaultConfigurationIsVisible = 0;
			defaultConfigurationName = Release;
		};
		15F900C620DA311200C30E2B /* Build configuration list for PBXNativeTarget "CRSampleA" */ = {
			isa = XCConfigurationList;
			buildConfigurations = (
				15F900C720DA311200C30E2B /* Debug */,
				15F900C820DA311200C30E2B /* Release */,
			);
			defaultConfigurationIsVisible = 0;
			defaultConfigurationName = Release;
		};
/* End XCConfigurationList section */
	};
	rootObject = 15F900A820DA310F00C30E2B /* Project object */;
}
